
Microsoft Visual Studio Solution File, Format Version 12.00
# Visual Studio 15
VisualStudioVersion = 15.0.26430.16
MinimumVisualStudioVersion = 10.0.40219.1
Project("{FAE04EC0-301F-11D3-BF4B-00C04F79EFBC}") = "Fortis.Website", "Fortis.Website\Fortis.Website.csproj", "{38019BD5-2D85-48BB-9E21-74A7D48EE407}"
EndProject
Project("{CAA73BB0-EF22-4D79-A57E-DF67B3BA9C80}") = "Fortis.TDS.Master", "Fortis.TDS.Master\Fortis.TDS.Master.scproj", "{7903FEC8-C853-4BE2-B583-41A0B6AE1E4D}"
EndProject
Global
	GlobalSection(SolutionConfigurationPlatforms) = preSolution
		Debug|Any CPU = Debug|Any CPU
		Release|Any CPU = Release|Any CPU
	EndGlobalSection
	GlobalSection(ProjectConfigurationPlatforms) = postSolution
		{38019BD5-2D85-48BB-9E21-74A7D48EE407}.Debug|Any CPU.ActiveCfg = Debug|Any CPU
		{38019BD5-2D85-48BB-9E21-74A7D48EE407}.Debug|Any CPU.Build.0 = Debug|Any CPU
		{38019BD5-2D85-48BB-9E21-74A7D48EE407}.Release|Any CPU.ActiveCfg = Release|Any CPU
		{38019BD5-2D85-48BB-9E21-74A7D48EE407}.Release|Any CPU.Build.0 = Release|Any CPU
		{7903FEC8-C853-4BE2-B583-41A0B6AE1E4D}.Debug|Any CPU.ActiveCfg = Debug|Any CPU
		{7903FEC8-C853-4BE2-B583-41A0B6AE1E4D}.Debug|Any CPU.Build.0 = Debug|Any CPU
		{7903FEC8-C853-4BE2-B583-41A0B6AE1E4D}.Debug|Any CPU.Deploy.0 = Debug|Any CPU
		{7903FEC8-C853-4BE2-B583-41A0B6AE1E4D}.Release|Any CPU.ActiveCfg = Release|Any CPU
		{7903FEC8-C853-4BE2-B583-41A0B6AE1E4D}.Release|Any CPU.Build.0 = Release|Any CPU
		{7903FEC8-C853-4BE2-B583-41A0B6AE1E4D}.Release|Any CPU.Deploy.0 = Release|Any CPU
	EndGlobalSection
	GlobalSection(SolutionProperties) = preSolution
		HideSolutionNode = FALSE
	EndGlobalSection
EndGlobal
