
Microsoft Visual Studio Solution File, Format Version 12.00
# Visual Studio 14
VisualStudioVersion = 14.0.25420.1
MinimumVisualStudioVersion = 10.0.40219.1
Project("{FAE04EC0-301F-11D3-BF4B-00C04F79EFBC}") = "Fortis.Website", "Project\Fortis\code\Fortis.Website.csproj", "{CDCED5B1-BB05-48FE-BEA3-CBEFC2F7031C}"
EndProject
Project("{FAE04EC0-301F-11D3-BF4B-00C04F79EFBC}") = "Fortis.Model", "Project\Fortis\model\Fortis.Model\Fortis.Model.csproj", "{689A32EF-1556-4A93-AB7F-BA656CF11B2E}"
EndProject
Project("{2150E333-8FDC-42A3-9474-1A3956D46DE8}") = "Fortis", "Fortis", "{D53D9E2B-F6F6-489E-A2FF-2B6523FC59DB}"
EndProject
Project("{FAE04EC0-301F-11D3-BF4B-00C04F79EFBC}") = "Fortis", "..\src\Fortis\Fortis.csproj", "{48D2AA0D-B38B-4AA2-BE58-6F9C226B8D19}"
EndProject
Project("{FAE04EC0-301F-11D3-BF4B-00C04F79EFBC}") = "Fortis.Mvc", "..\src\Fortis.Mvc\Fortis.Mvc.csproj", "{56BC76C2-BE7A-429B-B1F5-F965EE0CB663}"
EndProject
Project("{FAE04EC0-301F-11D3-BF4B-00C04F79EFBC}") = "Fortis.WebForms", "..\src\Fortis.WebForms\Fortis.WebForms.csproj", "{8E583E46-58D2-4DEC-969E-4B592E56CDA0}"
EndProject
Project("{FAE04EC0-301F-11D3-BF4B-00C04F79EFBC}") = "Fortis.Search.Lucene", "..\src\Fortis.Search.Lucene\Fortis.Search.Lucene.csproj", "{7A3AD9DE-9F37-46D0-A83C-33432ABBF804}"
EndProject
Project("{FAE04EC0-301F-11D3-BF4B-00C04F79EFBC}") = "Fortis.Search.Solr", "..\src\Fortis.Search.Solr\Fortis.Search.Solr.csproj", "{8380E745-F1B5-48DF-A29E-F58782389F06}"
EndProject
Project("{FAE04EC0-301F-11D3-BF4B-00C04F79EFBC}") = "Fortis.Tests", "..\src\Fortis.Tests\Fortis.Tests.csproj", "{11F1EADD-9F47-4EDD-A1E6-A9A746646B0C}"
EndProject
Project("{2150E333-8FDC-42A3-9474-1A3956D46DE8}") = "Configuration", "Configuration", "{5FEF3769-F6CB-4242-B85D-1349C3EFA005}"
	ProjectSection(SolutionItems) = preProject
		..\.gitignore = ..\.gitignore
		..\license.txt = ..\license.txt
		..\nuget.config = ..\nuget.config
		..\README.md = ..\README.md
	EndProjectSection
EndProject
Project("{2150E333-8FDC-42A3-9474-1A3956D46DE8}") = "MVC", "MVC", "{0E58D0C8-D085-4776-8CE5-5BD02982E712}"
EndProject
Project("{2150E333-8FDC-42A3-9474-1A3956D46DE8}") = "Search", "Search", "{2064E476-AD32-4BD7-A14F-1A367B87456F}"
EndProject
Project("{2150E333-8FDC-42A3-9474-1A3956D46DE8}") = "Forms", "Forms", "{1B2CAB86-8C9F-4D53-904F-1CB116F61590}"
EndProject
Project("{2150E333-8FDC-42A3-9474-1A3956D46DE8}") = "Core", "Core", "{18137FBC-7FBA-4B45-92CF-73D9A8849278}"
EndProject
Project("{2150E333-8FDC-42A3-9474-1A3956D46DE8}") = "nuget", "nuget", "{3DD2A306-7825-4F40-A13C-6467ABCF3B23}"
	ProjectSection(SolutionItems) = preProject
		..\src\Fortis\NuGet\Fortis.nuspec = ..\src\Fortis\NuGet\Fortis.nuspec
		..\src\Fortis\NuGet\readme.txt = ..\src\Fortis\NuGet\readme.txt
	EndProjectSection
EndProject
Global
	GlobalSection(SolutionConfigurationPlatforms) = preSolution
		Debug|Any CPU = Debug|Any CPU
		Release 4.5.2|Any CPU = Release 4.5.2|Any CPU
		Release 4.5|Any CPU = Release 4.5|Any CPU
		Release|Any CPU = Release|Any CPU
	EndGlobalSection
	GlobalSection(ProjectConfigurationPlatforms) = postSolution
		{CDCED5B1-BB05-48FE-BEA3-CBEFC2F7031C}.Debug|Any CPU.ActiveCfg = Debug|Any CPU
		{CDCED5B1-BB05-48FE-BEA3-CBEFC2F7031C}.Debug|Any CPU.Build.0 = Debug|Any CPU
		{CDCED5B1-BB05-48FE-BEA3-CBEFC2F7031C}.Release 4.5.2|Any CPU.ActiveCfg = Release|Any CPU
		{CDCED5B1-BB05-48FE-BEA3-CBEFC2F7031C}.Release 4.5.2|Any CPU.Build.0 = Release|Any CPU
		{CDCED5B1-BB05-48FE-BEA3-CBEFC2F7031C}.Release 4.5|Any CPU.ActiveCfg = Release|Any CPU
		{CDCED5B1-BB05-48FE-BEA3-CBEFC2F7031C}.Release 4.5|Any CPU.Build.0 = Release|Any CPU
		{CDCED5B1-BB05-48FE-BEA3-CBEFC2F7031C}.Release|Any CPU.ActiveCfg = Release|Any CPU
		{CDCED5B1-BB05-48FE-BEA3-CBEFC2F7031C}.Release|Any CPU.Build.0 = Release|Any CPU
		{689A32EF-1556-4A93-AB7F-BA656CF11B2E}.Debug|Any CPU.ActiveCfg = Debug|Any CPU
		{689A32EF-1556-4A93-AB7F-BA656CF11B2E}.Debug|Any CPU.Build.0 = Debug|Any CPU
		{689A32EF-1556-4A93-AB7F-BA656CF11B2E}.Release 4.5.2|Any CPU.ActiveCfg = Release|Any CPU
		{689A32EF-1556-4A93-AB7F-BA656CF11B2E}.Release 4.5.2|Any CPU.Build.0 = Release|Any CPU
		{689A32EF-1556-4A93-AB7F-BA656CF11B2E}.Release 4.5|Any CPU.ActiveCfg = Release|Any CPU
		{689A32EF-1556-4A93-AB7F-BA656CF11B2E}.Release 4.5|Any CPU.Build.0 = Release|Any CPU
		{689A32EF-1556-4A93-AB7F-BA656CF11B2E}.Release|Any CPU.ActiveCfg = Release|Any CPU
		{689A32EF-1556-4A93-AB7F-BA656CF11B2E}.Release|Any CPU.Build.0 = Release|Any CPU
		{48D2AA0D-B38B-4AA2-BE58-6F9C226B8D19}.Debug|Any CPU.ActiveCfg = Debug|Any CPU
		{48D2AA0D-B38B-4AA2-BE58-6F9C226B8D19}.Debug|Any CPU.Build.0 = Debug|Any CPU
		{48D2AA0D-B38B-4AA2-BE58-6F9C226B8D19}.Release 4.5.2|Any CPU.ActiveCfg = Release 4.5.2|Any CPU
		{48D2AA0D-B38B-4AA2-BE58-6F9C226B8D19}.Release 4.5.2|Any CPU.Build.0 = Release 4.5.2|Any CPU
		{48D2AA0D-B38B-4AA2-BE58-6F9C226B8D19}.Release 4.5|Any CPU.ActiveCfg = Release 4.5|Any CPU
		{48D2AA0D-B38B-4AA2-BE58-6F9C226B8D19}.Release 4.5|Any CPU.Build.0 = Release 4.5|Any CPU
		{48D2AA0D-B38B-4AA2-BE58-6F9C226B8D19}.Release|Any CPU.ActiveCfg = Release|Any CPU
		{48D2AA0D-B38B-4AA2-BE58-6F9C226B8D19}.Release|Any CPU.Build.0 = Release|Any CPU
		{56BC76C2-BE7A-429B-B1F5-F965EE0CB663}.Debug|Any CPU.ActiveCfg = Debug|Any CPU
		{56BC76C2-BE7A-429B-B1F5-F965EE0CB663}.Debug|Any CPU.Build.0 = Debug|Any CPU
		{56BC76C2-BE7A-429B-B1F5-F965EE0CB663}.Release 4.5.2|Any CPU.ActiveCfg = Release 4.5.2|Any CPU
		{56BC76C2-BE7A-429B-B1F5-F965EE0CB663}.Release 4.5.2|Any CPU.Build.0 = Release 4.5.2|Any CPU
		{56BC76C2-BE7A-429B-B1F5-F965EE0CB663}.Release 4.5|Any CPU.ActiveCfg = Release 4.5|Any CPU
		{56BC76C2-BE7A-429B-B1F5-F965EE0CB663}.Release 4.5|Any CPU.Build.0 = Release 4.5|Any CPU
		{56BC76C2-BE7A-429B-B1F5-F965EE0CB663}.Release|Any CPU.ActiveCfg = Release|Any CPU
		{56BC76C2-BE7A-429B-B1F5-F965EE0CB663}.Release|Any CPU.Build.0 = Release|Any CPU
		{8E583E46-58D2-4DEC-969E-4B592E56CDA0}.Debug|Any CPU.ActiveCfg = Debug|Any CPU
		{8E583E46-58D2-4DEC-969E-4B592E56CDA0}.Debug|Any CPU.Build.0 = Debug|Any CPU
		{8E583E46-58D2-4DEC-969E-4B592E56CDA0}.Release 4.5.2|Any CPU.ActiveCfg = Release 4.5.2|Any CPU
		{8E583E46-58D2-4DEC-969E-4B592E56CDA0}.Release 4.5.2|Any CPU.Build.0 = Release 4.5.2|Any CPU
		{8E583E46-58D2-4DEC-969E-4B592E56CDA0}.Release 4.5|Any CPU.ActiveCfg = Release 4.5|Any CPU
		{8E583E46-58D2-4DEC-969E-4B592E56CDA0}.Release 4.5|Any CPU.Build.0 = Release 4.5|Any CPU
		{8E583E46-58D2-4DEC-969E-4B592E56CDA0}.Release|Any CPU.ActiveCfg = Release|Any CPU
		{8E583E46-58D2-4DEC-969E-4B592E56CDA0}.Release|Any CPU.Build.0 = Release|Any CPU
		{7A3AD9DE-9F37-46D0-A83C-33432ABBF804}.Debug|Any CPU.ActiveCfg = Debug|Any CPU
		{7A3AD9DE-9F37-46D0-A83C-33432ABBF804}.Debug|Any CPU.Build.0 = Debug|Any CPU
		{7A3AD9DE-9F37-46D0-A83C-33432ABBF804}.Release 4.5.2|Any CPU.ActiveCfg = Release 4.5.2|Any CPU
		{7A3AD9DE-9F37-46D0-A83C-33432ABBF804}.Release 4.5.2|Any CPU.Build.0 = Release 4.5.2|Any CPU
		{7A3AD9DE-9F37-46D0-A83C-33432ABBF804}.Release 4.5|Any CPU.ActiveCfg = Release 4.5|Any CPU
		{7A3AD9DE-9F37-46D0-A83C-33432ABBF804}.Release 4.5|Any CPU.Build.0 = Release 4.5|Any CPU
		{7A3AD9DE-9F37-46D0-A83C-33432ABBF804}.Release|Any CPU.ActiveCfg = Release|Any CPU
		{7A3AD9DE-9F37-46D0-A83C-33432ABBF804}.Release|Any CPU.Build.0 = Release|Any CPU
		{8380E745-F1B5-48DF-A29E-F58782389F06}.Debug|Any CPU.ActiveCfg = Debug|Any CPU
		{8380E745-F1B5-48DF-A29E-F58782389F06}.Debug|Any CPU.Build.0 = Debug|Any CPU
		{8380E745-F1B5-48DF-A29E-F58782389F06}.Release 4.5.2|Any CPU.ActiveCfg = Release 4.5.2|Any CPU
		{8380E745-F1B5-48DF-A29E-F58782389F06}.Release 4.5.2|Any CPU.Build.0 = Release 4.5.2|Any CPU
		{8380E745-F1B5-48DF-A29E-F58782389F06}.Release 4.5|Any CPU.ActiveCfg = Release 4.5|Any CPU
		{8380E745-F1B5-48DF-A29E-F58782389F06}.Release 4.5|Any CPU.Build.0 = Release 4.5|Any CPU
		{8380E745-F1B5-48DF-A29E-F58782389F06}.Release|Any CPU.ActiveCfg = Release|Any CPU
		{8380E745-F1B5-48DF-A29E-F58782389F06}.Release|Any CPU.Build.0 = Release|Any CPU
		{11F1EADD-9F47-4EDD-A1E6-A9A746646B0C}.Debug|Any CPU.ActiveCfg = Debug|Any CPU
		{11F1EADD-9F47-4EDD-A1E6-A9A746646B0C}.Debug|Any CPU.Build.0 = Debug|Any CPU
		{11F1EADD-9F47-4EDD-A1E6-A9A746646B0C}.Release 4.5.2|Any CPU.ActiveCfg = Release 4.5.2|Any CPU
		{11F1EADD-9F47-4EDD-A1E6-A9A746646B0C}.Release 4.5.2|Any CPU.Build.0 = Release 4.5.2|Any CPU
		{11F1EADD-9F47-4EDD-A1E6-A9A746646B0C}.Release 4.5|Any CPU.ActiveCfg = Release 4.5|Any CPU
		{11F1EADD-9F47-4EDD-A1E6-A9A746646B0C}.Release 4.5|Any CPU.Build.0 = Release 4.5|Any CPU
		{11F1EADD-9F47-4EDD-A1E6-A9A746646B0C}.Release|Any CPU.ActiveCfg = Release|Any CPU
		{11F1EADD-9F47-4EDD-A1E6-A9A746646B0C}.Release|Any CPU.Build.0 = Release|Any CPU
	EndGlobalSection
	GlobalSection(SolutionProperties) = preSolution
		HideSolutionNode = FALSE
	EndGlobalSection
	GlobalSection(NestedProjects) = preSolution
		{48D2AA0D-B38B-4AA2-BE58-6F9C226B8D19} = {18137FBC-7FBA-4B45-92CF-73D9A8849278}
		{56BC76C2-BE7A-429B-B1F5-F965EE0CB663} = {0E58D0C8-D085-4776-8CE5-5BD02982E712}
		{8E583E46-58D2-4DEC-969E-4B592E56CDA0} = {1B2CAB86-8C9F-4D53-904F-1CB116F61590}
		{7A3AD9DE-9F37-46D0-A83C-33432ABBF804} = {2064E476-AD32-4BD7-A14F-1A367B87456F}
		{8380E745-F1B5-48DF-A29E-F58782389F06} = {2064E476-AD32-4BD7-A14F-1A367B87456F}
		{11F1EADD-9F47-4EDD-A1E6-A9A746646B0C} = {18137FBC-7FBA-4B45-92CF-73D9A8849278}
		{5FEF3769-F6CB-4242-B85D-1349C3EFA005} = {D53D9E2B-F6F6-489E-A2FF-2B6523FC59DB}
		{0E58D0C8-D085-4776-8CE5-5BD02982E712} = {D53D9E2B-F6F6-489E-A2FF-2B6523FC59DB}
		{2064E476-AD32-4BD7-A14F-1A367B87456F} = {D53D9E2B-F6F6-489E-A2FF-2B6523FC59DB}
		{1B2CAB86-8C9F-4D53-904F-1CB116F61590} = {D53D9E2B-F6F6-489E-A2FF-2B6523FC59DB}
		{18137FBC-7FBA-4B45-92CF-73D9A8849278} = {D53D9E2B-F6F6-489E-A2FF-2B6523FC59DB}
		{3DD2A306-7825-4F40-A13C-6467ABCF3B23} = {5FEF3769-F6CB-4242-B85D-1349C3EFA005}
	EndGlobalSection
EndGlobal
