
Microsoft Visual Studio Solution File, Format Version 12.00
# Visual Studio 14
VisualStudioVersion = 14.0.25123.0
MinimumVisualStudioVersion = 10.0.40219.1
Project("{FAE04EC0-301F-11D3-BF4B-00C04F79EFBC}") = "Fortis", "Fortis\Fortis.csproj", "{48D2AA0D-B38B-4AA2-BE58-6F9C226B8D19}"
EndProject
Project("{FAE04EC0-301F-11D3-BF4B-00C04F79EFBC}") = "Fortis.Mvc", "Fortis.Mvc\Fortis.Mvc.csproj", "{56BC76C2-BE7A-429B-B1F5-F965EE0CB663}"
EndProject
Project("{FAE04EC0-301F-11D3-BF4B-00C04F79EFBC}") = "Fortis.WebForms", "Fortis.WebForms\Fortis.WebForms.csproj", "{8E583E46-58D2-4DEC-969E-4B592E56CDA0}"
EndProject
Project("{FAE04EC0-301F-11D3-BF4B-00C04F79EFBC}") = "Fortis.Search.Lucene", "Fortis.Search.Lucene\Fortis.Search.Lucene.csproj", "{7A3AD9DE-9F37-46D0-A83C-33432ABBF804}"
EndProject
Project("{FAE04EC0-301F-11D3-BF4B-00C04F79EFBC}") = "Fortis.Search.Solr", "Fortis.Search.Solr\Fortis.Search.Solr.csproj", "{8380E745-F1B5-48DF-A29E-F58782389F06}"
EndProject
Project("{FAE04EC0-301F-11D3-BF4B-00C04F79EFBC}") = "Fortis.IoC", "Fortis.IoC\Fortis.IoC.csproj", "{1266F2BD-215E-4CB6-B392-EA8A958A56F2}"
EndProject
Project("{FAE04EC0-301F-11D3-BF4B-00C04F79EFBC}") = "Fortis.Test", "Fortis.Test\Fortis.Test.csproj", "{10BAD394-9A98-4605-8DCB-72128F97FC45}"
EndProject
Project("{2150E333-8FDC-42A3-9474-1A3956D46DE8}") = "Test", "Test", "{BC6D1242-BA71-433F-B5CA-30DBAFEC2BD2}"
EndProject
Global
	GlobalSection(SolutionConfigurationPlatforms) = preSolution
		Debug|Any CPU = Debug|Any CPU
		Release|Any CPU = Release|Any CPU
	EndGlobalSection
	GlobalSection(ProjectConfigurationPlatforms) = postSolution
		{48D2AA0D-B38B-4AA2-BE58-6F9C226B8D19}.Debug|Any CPU.ActiveCfg = Debug|Any CPU
		{48D2AA0D-B38B-4AA2-BE58-6F9C226B8D19}.Debug|Any CPU.Build.0 = Debug|Any CPU
		{48D2AA0D-B38B-4AA2-BE58-6F9C226B8D19}.Release|Any CPU.ActiveCfg = Release|Any CPU
		{48D2AA0D-B38B-4AA2-BE58-6F9C226B8D19}.Release|Any CPU.Build.0 = Release|Any CPU
		{56BC76C2-BE7A-429B-B1F5-F965EE0CB663}.Debug|Any CPU.ActiveCfg = Debug|Any CPU
		{56BC76C2-BE7A-429B-B1F5-F965EE0CB663}.Debug|Any CPU.Build.0 = Debug|Any CPU
		{56BC76C2-BE7A-429B-B1F5-F965EE0CB663}.Release|Any CPU.ActiveCfg = Release|Any CPU
		{56BC76C2-BE7A-429B-B1F5-F965EE0CB663}.Release|Any CPU.Build.0 = Release|Any CPU
		{8E583E46-58D2-4DEC-969E-4B592E56CDA0}.Debug|Any CPU.ActiveCfg = Debug|Any CPU
		{8E583E46-58D2-4DEC-969E-4B592E56CDA0}.Debug|Any CPU.Build.0 = Debug|Any CPU
		{8E583E46-58D2-4DEC-969E-4B592E56CDA0}.Release|Any CPU.ActiveCfg = Release|Any CPU
		{8E583E46-58D2-4DEC-969E-4B592E56CDA0}.Release|Any CPU.Build.0 = Release|Any CPU
		{7A3AD9DE-9F37-46D0-A83C-33432ABBF804}.Debug|Any CPU.ActiveCfg = Debug|Any CPU
		{7A3AD9DE-9F37-46D0-A83C-33432ABBF804}.Debug|Any CPU.Build.0 = Debug|Any CPU
		{7A3AD9DE-9F37-46D0-A83C-33432ABBF804}.Release|Any CPU.ActiveCfg = Release|Any CPU
		{7A3AD9DE-9F37-46D0-A83C-33432ABBF804}.Release|Any CPU.Build.0 = Release|Any CPU
		{8380E745-F1B5-48DF-A29E-F58782389F06}.Debug|Any CPU.ActiveCfg = Debug|Any CPU
		{8380E745-F1B5-48DF-A29E-F58782389F06}.Debug|Any CPU.Build.0 = Debug|Any CPU
		{8380E745-F1B5-48DF-A29E-F58782389F06}.Release|Any CPU.ActiveCfg = Release|Any CPU
		{8380E745-F1B5-48DF-A29E-F58782389F06}.Release|Any CPU.Build.0 = Release|Any CPU
		{1266F2BD-215E-4CB6-B392-EA8A958A56F2}.Debug|Any CPU.ActiveCfg = Debug|Any CPU
		{1266F2BD-215E-4CB6-B392-EA8A958A56F2}.Debug|Any CPU.Build.0 = Debug|Any CPU
		{1266F2BD-215E-4CB6-B392-EA8A958A56F2}.Release|Any CPU.ActiveCfg = Release|Any CPU
		{1266F2BD-215E-4CB6-B392-EA8A958A56F2}.Release|Any CPU.Build.0 = Release|Any CPU
		{10BAD394-9A98-4605-8DCB-72128F97FC45}.Debug|Any CPU.ActiveCfg = Debug|Any CPU
		{10BAD394-9A98-4605-8DCB-72128F97FC45}.Debug|Any CPU.Build.0 = Debug|Any CPU
		{10BAD394-9A98-4605-8DCB-72128F97FC45}.Release|Any CPU.ActiveCfg = Release|Any CPU
		{10BAD394-9A98-4605-8DCB-72128F97FC45}.Release|Any CPU.Build.0 = Release|Any CPU
	EndGlobalSection
	GlobalSection(SolutionProperties) = preSolution
		HideSolutionNode = FALSE
	EndGlobalSection
	GlobalSection(NestedProjects) = preSolution
		{10BAD394-9A98-4605-8DCB-72128F97FC45} = {BC6D1242-BA71-433F-B5CA-30DBAFEC2BD2}
	EndGlobalSection
EndGlobal
